<?xml version="1.0" encoding="UTF-8"?>
<CodeBlocks_project_file>
	<FileVersion major="1" minor="6"/>
	<Project>
		<Option title="durian"/>
		<Option makefile_is_custom="1"/>
		<Option compiler="gcc"/>
		<Option virtualFolders="CMake Files\;CMake Files\googletest\;CMake Files\googletest\googlemock\;CMake Files\googletest\googlemock\cmake\;CMake Files\googletest\googletest\;CMake Files\googletest\googletest\cmake\;"/>
		<Build>
			<Target title="all">
				<Option working_dir="/Users/robertlin/Projects/durian"/>
				<Option type="4"/>
				<MakeCommands>
					<Build command="/usr/bin/make -f &quot;/Users/robertlin/Projects/durian/Makefile&quot;  VERBOSE=1 all"/>
					<CompileFile command="/usr/bin/make -f &quot;/Users/robertlin/Projects/durian/Makefile&quot;  VERBOSE=1 &quot;$file&quot;"/>
					<Clean command="/usr/bin/make -f &quot;/Users/robertlin/Projects/durian/Makefile&quot;  VERBOSE=1 clean"/>
					<DistClean command="/usr/bin/make -f &quot;/Users/robertlin/Projects/durian/Makefile&quot;  VERBOSE=1 clean"/>
				</MakeCommands>
			</Target>
			<Target title="install/local">
				<Option working_dir="/Users/robertlin/Projects/durian"/>
				<Option type="4"/>
				<MakeCommands>
					<Build command="/usr/bin/make -f &quot;/Users/robertlin/Projects/durian/Makefile&quot;  VERBOSE=1 install/local"/>
					<CompileFile command="/usr/bin/make -f &quot;/Users/robertlin/Projects/durian/Makefile&quot;  VERBOSE=1 &quot;$file&quot;"/>
					<Clean command="/usr/bin/make -f &quot;/Users/robertlin/Projects/durian/Makefile&quot;  VERBOSE=1 clean"/>
					<DistClean command="/usr/bin/make -f &quot;/Users/robertlin/Projects/durian/Makefile&quot;  VERBOSE=1 clean"/>
				</MakeCommands>
			</Target>
			<Target title="install/strip">
				<Option working_dir="/Users/robertlin/Projects/durian"/>
				<Option type="4"/>
				<MakeCommands>
					<Build command="/usr/bin/make -f &quot;/Users/robertlin/Projects/durian/Makefile&quot;  VERBOSE=1 install/strip"/>
					<CompileFile command="/usr/bin/make -f &quot;/Users/robertlin/Projects/durian/Makefile&quot;  VERBOSE=1 &quot;$file&quot;"/>
					<Clean command="/usr/bin/make -f &quot;/Users/robertlin/Projects/durian/Makefile&quot;  VERBOSE=1 clean"/>
					<DistClean command="/usr/bin/make -f &quot;/Users/robertlin/Projects/durian/Makefile&quot;  VERBOSE=1 clean"/>
				</MakeCommands>
			</Target>
			<Target title="install">
				<Option working_dir="/Users/robertlin/Projects/durian"/>
				<Option type="4"/>
				<MakeCommands>
					<Build command="/usr/bin/make -f &quot;/Users/robertlin/Projects/durian/Makefile&quot;  VERBOSE=1 install"/>
					<CompileFile command="/usr/bin/make -f &quot;/Users/robertlin/Projects/durian/Makefile&quot;  VERBOSE=1 &quot;$file&quot;"/>
					<Clean command="/usr/bin/make -f &quot;/Users/robertlin/Projects/durian/Makefile&quot;  VERBOSE=1 clean"/>
					<DistClean command="/usr/bin/make -f &quot;/Users/robertlin/Projects/durian/Makefile&quot;  VERBOSE=1 clean"/>
				</MakeCommands>
			</Target>
			<Target title="rebuild_cache">
				<Option working_dir="/Users/robertlin/Projects/durian"/>
				<Option type="4"/>
				<MakeCommands>
					<Build command="/usr/bin/make -f &quot;/Users/robertlin/Projects/durian/Makefile&quot;  VERBOSE=1 rebuild_cache"/>
					<CompileFile command="/usr/bin/make -f &quot;/Users/robertlin/Projects/durian/Makefile&quot;  VERBOSE=1 &quot;$file&quot;"/>
					<Clean command="/usr/bin/make -f &quot;/Users/robertlin/Projects/durian/Makefile&quot;  VERBOSE=1 clean"/>
					<DistClean command="/usr/bin/make -f &quot;/Users/robertlin/Projects/durian/Makefile&quot;  VERBOSE=1 clean"/>
				</MakeCommands>
			</Target>
			<Target title="edit_cache">
				<Option working_dir="/Users/robertlin/Projects/durian"/>
				<Option type="4"/>
				<MakeCommands>
					<Build command="/usr/bin/make -f &quot;/Users/robertlin/Projects/durian/Makefile&quot;  VERBOSE=1 edit_cache"/>
					<CompileFile command="/usr/bin/make -f &quot;/Users/robertlin/Projects/durian/Makefile&quot;  VERBOSE=1 &quot;$file&quot;"/>
					<Clean command="/usr/bin/make -f &quot;/Users/robertlin/Projects/durian/Makefile&quot;  VERBOSE=1 clean"/>
					<DistClean command="/usr/bin/make -f &quot;/Users/robertlin/Projects/durian/Makefile&quot;  VERBOSE=1 clean"/>
				</MakeCommands>
			</Target>
			<Target title="durian">
				<Option output="/Users/robertlin/Projects/durian/durian" prefix_auto="0" extension_auto="0"/>
				<Option working_dir="/Users/robertlin/Projects/durian"/>
				<Option object_output="./"/>
				<Option type="1"/>
				<Option compiler="gcc"/>
				<Compiler>
					<Add directory="/Users/robertlin/Projects/durian/src/include"/>
				</Compiler>
				<MakeCommands>
					<Build command="/usr/bin/make -f &quot;/Users/robertlin/Projects/durian/Makefile&quot;  VERBOSE=1 durian"/>
					<CompileFile command="/usr/bin/make -f &quot;/Users/robertlin/Projects/durian/Makefile&quot;  VERBOSE=1 &quot;$file&quot;"/>
					<Clean command="/usr/bin/make -f &quot;/Users/robertlin/Projects/durian/Makefile&quot;  VERBOSE=1 clean"/>
					<DistClean command="/usr/bin/make -f &quot;/Users/robertlin/Projects/durian/Makefile&quot;  VERBOSE=1 clean"/>
				</MakeCommands>
			</Target>
			<Target title="durian/fast">
				<Option output="/Users/robertlin/Projects/durian/durian" prefix_auto="0" extension_auto="0"/>
				<Option working_dir="/Users/robertlin/Projects/durian"/>
				<Option object_output="./"/>
				<Option type="1"/>
				<Option compiler="gcc"/>
				<Compiler>
					<Add directory="/Users/robertlin/Projects/durian/src/include"/>
				</Compiler>
				<MakeCommands>
					<Build command="/usr/bin/make -f &quot;/Users/robertlin/Projects/durian/Makefile&quot;  VERBOSE=1 durian/fast"/>
					<CompileFile command="/usr/bin/make -f &quot;/Users/robertlin/Projects/durian/Makefile&quot;  VERBOSE=1 &quot;$file&quot;"/>
					<Clean command="/usr/bin/make -f &quot;/Users/robertlin/Projects/durian/Makefile&quot;  VERBOSE=1 clean"/>
					<DistClean command="/usr/bin/make -f &quot;/Users/robertlin/Projects/durian/Makefile&quot;  VERBOSE=1 clean"/>
				</MakeCommands>
			</Target>
			<Target title="durian_test">
				<Option output="/Users/robertlin/Projects/durian/durian_test" prefix_auto="0" extension_auto="0"/>
				<Option working_dir="/Users/robertlin/Projects/durian"/>
				<Option object_output="./"/>
				<Option type="1"/>
				<Option compiler="gcc"/>
				<Compiler>
					<Add directory="/Users/robertlin/Projects/durian/src/include"/>
					<Add directory="/Users/robertlin/Projects/durian/googletest/googletest/include"/>
				</Compiler>
				<MakeCommands>
					<Build command="/usr/bin/make -f &quot;/Users/robertlin/Projects/durian/Makefile&quot;  VERBOSE=1 durian_test"/>
					<CompileFile command="/usr/bin/make -f &quot;/Users/robertlin/Projects/durian/Makefile&quot;  VERBOSE=1 &quot;$file&quot;"/>
					<Clean command="/usr/bin/make -f &quot;/Users/robertlin/Projects/durian/Makefile&quot;  VERBOSE=1 clean"/>
					<DistClean command="/usr/bin/make -f &quot;/Users/robertlin/Projects/durian/Makefile&quot;  VERBOSE=1 clean"/>
				</MakeCommands>
			</Target>
			<Target title="durian_test/fast">
				<Option output="/Users/robertlin/Projects/durian/durian_test" prefix_auto="0" extension_auto="0"/>
				<Option working_dir="/Users/robertlin/Projects/durian"/>
				<Option object_output="./"/>
				<Option type="1"/>
				<Option compiler="gcc"/>
				<Compiler>
					<Add directory="/Users/robertlin/Projects/durian/src/include"/>
					<Add directory="/Users/robertlin/Projects/durian/googletest/googletest/include"/>
				</Compiler>
				<MakeCommands>
					<Build command="/usr/bin/make -f &quot;/Users/robertlin/Projects/durian/Makefile&quot;  VERBOSE=1 durian_test/fast"/>
					<CompileFile command="/usr/bin/make -f &quot;/Users/robertlin/Projects/durian/Makefile&quot;  VERBOSE=1 &quot;$file&quot;"/>
					<Clean command="/usr/bin/make -f &quot;/Users/robertlin/Projects/durian/Makefile&quot;  VERBOSE=1 clean"/>
					<DistClean command="/usr/bin/make -f &quot;/Users/robertlin/Projects/durian/Makefile&quot;  VERBOSE=1 clean"/>
				</MakeCommands>
			</Target>
			<Target title="list_install_components">
				<Option working_dir="/Users/robertlin/Projects/durian"/>
				<Option type="4"/>
				<MakeCommands>
					<Build command="/usr/bin/make -f &quot;/Users/robertlin/Projects/durian/Makefile&quot;  VERBOSE=1 list_install_components"/>
					<CompileFile command="/usr/bin/make -f &quot;/Users/robertlin/Projects/durian/Makefile&quot;  VERBOSE=1 &quot;$file&quot;"/>
					<Clean command="/usr/bin/make -f &quot;/Users/robertlin/Projects/durian/Makefile&quot;  VERBOSE=1 clean"/>
					<DistClean command="/usr/bin/make -f &quot;/Users/robertlin/Projects/durian/Makefile&quot;  VERBOSE=1 clean"/>
				</MakeCommands>
			</Target>
			<Target title="gmock">
				<Option output="/Users/robertlin/Projects/durian/googletest/googlemock/libgmockd.a" prefix_auto="0" extension_auto="0"/>
				<Option working_dir="/Users/robertlin/Projects/durian/googletest/googlemock"/>
				<Option object_output="./"/>
				<Option type="2"/>
				<Option compiler="gcc"/>
				<Compiler>
					<Add directory="/Users/robertlin/Projects/durian/src/include"/>
					<Add directory="/Users/robertlin/Projects/durian/googletest/googlemock/include"/>
					<Add directory="/Users/robertlin/Projects/durian/googletest/googlemock"/>
					<Add directory="/Users/robertlin/Projects/durian/googletest/googletest/include"/>
					<Add directory="/Users/robertlin/Projects/durian/googletest/googletest"/>
				</Compiler>
				<MakeCommands>
					<Build command="/usr/bin/make -f &quot;/Users/robertlin/Projects/durian/googletest/googlemock/Makefile&quot;  VERBOSE=1 gmock"/>
					<CompileFile command="/usr/bin/make -f &quot;/Users/robertlin/Projects/durian/googletest/googlemock/Makefile&quot;  VERBOSE=1 &quot;$file&quot;"/>
					<Clean command="/usr/bin/make -f &quot;/Users/robertlin/Projects/durian/googletest/googlemock/Makefile&quot;  VERBOSE=1 clean"/>
					<DistClean command="/usr/bin/make -f &quot;/Users/robertlin/Projects/durian/googletest/googlemock/Makefile&quot;  VERBOSE=1 clean"/>
				</MakeCommands>
			</Target>
			<Target title="gmock/fast">
				<Option output="/Users/robertlin/Projects/durian/googletest/googlemock/libgmockd.a" prefix_auto="0" extension_auto="0"/>
				<Option working_dir="/Users/robertlin/Projects/durian/googletest/googlemock"/>
				<Option object_output="./"/>
				<Option type="2"/>
				<Option compiler="gcc"/>
				<Compiler>
					<Add directory="/Users/robertlin/Projects/durian/src/include"/>
					<Add directory="/Users/robertlin/Projects/durian/googletest/googlemock/include"/>
					<Add directory="/Users/robertlin/Projects/durian/googletest/googlemock"/>
					<Add directory="/Users/robertlin/Projects/durian/googletest/googletest/include"/>
					<Add directory="/Users/robertlin/Projects/durian/googletest/googletest"/>
				</Compiler>
				<MakeCommands>
					<Build command="/usr/bin/make -f &quot;/Users/robertlin/Projects/durian/googletest/googlemock/Makefile&quot;  VERBOSE=1 gmock/fast"/>
					<CompileFile command="/usr/bin/make -f &quot;/Users/robertlin/Projects/durian/googletest/googlemock/Makefile&quot;  VERBOSE=1 &quot;$file&quot;"/>
					<Clean command="/usr/bin/make -f &quot;/Users/robertlin/Projects/durian/googletest/googlemock/Makefile&quot;  VERBOSE=1 clean"/>
					<DistClean command="/usr/bin/make -f &quot;/Users/robertlin/Projects/durian/googletest/googlemock/Makefile&quot;  VERBOSE=1 clean"/>
				</MakeCommands>
			</Target>
			<Target title="gmock_main">
				<Option output="/Users/robertlin/Projects/durian/googletest/googlemock/libgmock_maind.a" prefix_auto="0" extension_auto="0"/>
				<Option working_dir="/Users/robertlin/Projects/durian/googletest/googlemock"/>
				<Option object_output="./"/>
				<Option type="2"/>
				<Option compiler="gcc"/>
				<Compiler>
					<Add directory="/Users/robertlin/Projects/durian/src/include"/>
					<Add directory="/Users/robertlin/Projects/durian/googletest/googlemock/include"/>
					<Add directory="/Users/robertlin/Projects/durian/googletest/googlemock"/>
					<Add directory="/Users/robertlin/Projects/durian/googletest/googletest/include"/>
					<Add directory="/Users/robertlin/Projects/durian/googletest/googletest"/>
				</Compiler>
				<MakeCommands>
					<Build command="/usr/bin/make -f &quot;/Users/robertlin/Projects/durian/googletest/googlemock/Makefile&quot;  VERBOSE=1 gmock_main"/>
					<CompileFile command="/usr/bin/make -f &quot;/Users/robertlin/Projects/durian/googletest/googlemock/Makefile&quot;  VERBOSE=1 &quot;$file&quot;"/>
					<Clean command="/usr/bin/make -f &quot;/Users/robertlin/Projects/durian/googletest/googlemock/Makefile&quot;  VERBOSE=1 clean"/>
					<DistClean command="/usr/bin/make -f &quot;/Users/robertlin/Projects/durian/googletest/googlemock/Makefile&quot;  VERBOSE=1 clean"/>
				</MakeCommands>
			</Target>
			<Target title="gmock_main/fast">
				<Option output="/Users/robertlin/Projects/durian/googletest/googlemock/libgmock_maind.a" prefix_auto="0" extension_auto="0"/>
				<Option working_dir="/Users/robertlin/Projects/durian/googletest/googlemock"/>
				<Option object_output="./"/>
				<Option type="2"/>
				<Option compiler="gcc"/>
				<Compiler>
					<Add directory="/Users/robertlin/Projects/durian/src/include"/>
					<Add directory="/Users/robertlin/Projects/durian/googletest/googlemock/include"/>
					<Add directory="/Users/robertlin/Projects/durian/googletest/googlemock"/>
					<Add directory="/Users/robertlin/Projects/durian/googletest/googletest/include"/>
					<Add directory="/Users/robertlin/Projects/durian/googletest/googletest"/>
				</Compiler>
				<MakeCommands>
					<Build command="/usr/bin/make -f &quot;/Users/robertlin/Projects/durian/googletest/googlemock/Makefile&quot;  VERBOSE=1 gmock_main/fast"/>
					<CompileFile command="/usr/bin/make -f &quot;/Users/robertlin/Projects/durian/googletest/googlemock/Makefile&quot;  VERBOSE=1 &quot;$file&quot;"/>
					<Clean command="/usr/bin/make -f &quot;/Users/robertlin/Projects/durian/googletest/googlemock/Makefile&quot;  VERBOSE=1 clean"/>
					<DistClean command="/usr/bin/make -f &quot;/Users/robertlin/Projects/durian/googletest/googlemock/Makefile&quot;  VERBOSE=1 clean"/>
				</MakeCommands>
			</Target>
			<Target title="gtest_main">
				<Option output="/Users/robertlin/Projects/durian/googletest/googlemock/gtest/libgtest_maind.a" prefix_auto="0" extension_auto="0"/>
				<Option working_dir="/Users/robertlin/Projects/durian/googletest/googlemock/gtest"/>
				<Option object_output="./"/>
				<Option type="2"/>
				<Option compiler="gcc"/>
				<Compiler>
					<Add directory="/Users/robertlin/Projects/durian/src/include"/>
					<Add directory="/Users/robertlin/Projects/durian/googletest/googletest/include"/>
					<Add directory="/Users/robertlin/Projects/durian/googletest/googletest"/>
				</Compiler>
				<MakeCommands>
					<Build command="/usr/bin/make -f &quot;/Users/robertlin/Projects/durian/googletest/googlemock/gtest/Makefile&quot;  VERBOSE=1 gtest_main"/>
					<CompileFile command="/usr/bin/make -f &quot;/Users/robertlin/Projects/durian/googletest/googlemock/gtest/Makefile&quot;  VERBOSE=1 &quot;$file&quot;"/>
					<Clean command="/usr/bin/make -f &quot;/Users/robertlin/Projects/durian/googletest/googlemock/gtest/Makefile&quot;  VERBOSE=1 clean"/>
					<DistClean command="/usr/bin/make -f &quot;/Users/robertlin/Projects/durian/googletest/googlemock/gtest/Makefile&quot;  VERBOSE=1 clean"/>
				</MakeCommands>
			</Target>
			<Target title="gtest_main/fast">
				<Option output="/Users/robertlin/Projects/durian/googletest/googlemock/gtest/libgtest_maind.a" prefix_auto="0" extension_auto="0"/>
				<Option working_dir="/Users/robertlin/Projects/durian/googletest/googlemock/gtest"/>
				<Option object_output="./"/>
				<Option type="2"/>
				<Option compiler="gcc"/>
				<Compiler>
					<Add directory="/Users/robertlin/Projects/durian/src/include"/>
					<Add directory="/Users/robertlin/Projects/durian/googletest/googletest/include"/>
					<Add directory="/Users/robertlin/Projects/durian/googletest/googletest"/>
				</Compiler>
				<MakeCommands>
					<Build command="/usr/bin/make -f &quot;/Users/robertlin/Projects/durian/googletest/googlemock/gtest/Makefile&quot;  VERBOSE=1 gtest_main/fast"/>
					<CompileFile command="/usr/bin/make -f &quot;/Users/robertlin/Projects/durian/googletest/googlemock/gtest/Makefile&quot;  VERBOSE=1 &quot;$file&quot;"/>
					<Clean command="/usr/bin/make -f &quot;/Users/robertlin/Projects/durian/googletest/googlemock/gtest/Makefile&quot;  VERBOSE=1 clean"/>
					<DistClean command="/usr/bin/make -f &quot;/Users/robertlin/Projects/durian/googletest/googlemock/gtest/Makefile&quot;  VERBOSE=1 clean"/>
				</MakeCommands>
			</Target>
			<Target title="gtest">
				<Option output="/Users/robertlin/Projects/durian/googletest/googlemock/gtest/libgtestd.a" prefix_auto="0" extension_auto="0"/>
				<Option working_dir="/Users/robertlin/Projects/durian/googletest/googlemock/gtest"/>
				<Option object_output="./"/>
				<Option type="2"/>
				<Option compiler="gcc"/>
				<Compiler>
					<Add directory="/Users/robertlin/Projects/durian/src/include"/>
					<Add directory="/Users/robertlin/Projects/durian/googletest/googletest/include"/>
					<Add directory="/Users/robertlin/Projects/durian/googletest/googletest"/>
				</Compiler>
				<MakeCommands>
					<Build command="/usr/bin/make -f &quot;/Users/robertlin/Projects/durian/googletest/googlemock/gtest/Makefile&quot;  VERBOSE=1 gtest"/>
					<CompileFile command="/usr/bin/make -f &quot;/Users/robertlin/Projects/durian/googletest/googlemock/gtest/Makefile&quot;  VERBOSE=1 &quot;$file&quot;"/>
					<Clean command="/usr/bin/make -f &quot;/Users/robertlin/Projects/durian/googletest/googlemock/gtest/Makefile&quot;  VERBOSE=1 clean"/>
					<DistClean command="/usr/bin/make -f &quot;/Users/robertlin/Projects/durian/googletest/googlemock/gtest/Makefile&quot;  VERBOSE=1 clean"/>
				</MakeCommands>
			</Target>
			<Target title="gtest/fast">
				<Option output="/Users/robertlin/Projects/durian/googletest/googlemock/gtest/libgtestd.a" prefix_auto="0" extension_auto="0"/>
				<Option working_dir="/Users/robertlin/Projects/durian/googletest/googlemock/gtest"/>
				<Option object_output="./"/>
				<Option type="2"/>
				<Option compiler="gcc"/>
				<Compiler>
					<Add directory="/Users/robertlin/Projects/durian/src/include"/>
					<Add directory="/Users/robertlin/Projects/durian/googletest/googletest/include"/>
					<Add directory="/Users/robertlin/Projects/durian/googletest/googletest"/>
				</Compiler>
				<MakeCommands>
					<Build command="/usr/bin/make -f &quot;/Users/robertlin/Projects/durian/googletest/googlemock/gtest/Makefile&quot;  VERBOSE=1 gtest/fast"/>
					<CompileFile command="/usr/bin/make -f &quot;/Users/robertlin/Projects/durian/googletest/googlemock/gtest/Makefile&quot;  VERBOSE=1 &quot;$file&quot;"/>
					<Clean command="/usr/bin/make -f &quot;/Users/robertlin/Projects/durian/googletest/googlemock/gtest/Makefile&quot;  VERBOSE=1 clean"/>
					<DistClean command="/usr/bin/make -f &quot;/Users/robertlin/Projects/durian/googletest/googlemock/gtest/Makefile&quot;  VERBOSE=1 clean"/>
				</MakeCommands>
			</Target>
		</Build>
		<Unit filename="/Users/robertlin/Projects/durian/googletest/googlemock/src/gmock-all.cc">
			<Option target="gmock"/>
		</Unit>
		<Unit filename="/Users/robertlin/Projects/durian/googletest/googlemock/src/gmock_main.cc">
			<Option target="gmock_main"/>
		</Unit>
		<Unit filename="/Users/robertlin/Projects/durian/googletest/googletest/src/gtest-all.cc">
			<Option target="gtest"/>
		</Unit>
		<Unit filename="/Users/robertlin/Projects/durian/googletest/googletest/src/gtest_main.cc">
			<Option target="gtest_main"/>
		</Unit>
		<Unit filename="/Users/robertlin/Projects/durian/src/interpreter/vm/DurianObject.cpp">
			<Option target="durian"/>
			<Option target="durian_test"/>
		</Unit>
		<Unit filename="/Users/robertlin/Projects/durian/src/interpreter/vm/VM.cpp">
			<Option target="durian"/>
			<Option target="durian_test"/>
		</Unit>
		<Unit filename="/Users/robertlin/Projects/durian/src/lexer/Lexer.cpp">
			<Option target="durian"/>
			<Option target="durian_test"/>
		</Unit>
		<Unit filename="/Users/robertlin/Projects/durian/src/main.cpp">
			<Option target="durian"/>
		</Unit>
		<Unit filename="/Users/robertlin/Projects/durian/src/parser/Parser.cpp">
			<Option target="durian"/>
			<Option target="durian_test"/>
		</Unit>
		<Unit filename="/Users/robertlin/Projects/durian/src/pretty_printer/PrettyPrinter.cpp">
			<Option target="durian"/>
			<Option target="durian_test"/>
		</Unit>
		<Unit filename="/Users/robertlin/Projects/durian/test/TestLexer.cpp">
			<Option target="durian_test"/>
		</Unit>
		<Unit filename="/Users/robertlin/Projects/durian/test/TestParser.cpp">
			<Option target="durian_test"/>
		</Unit>
		<Unit filename="/Users/robertlin/Projects/durian/CMakeLists.txt">
			<Option virtualFolder="CMake Files\"/>
		</Unit>
		<Unit filename="/Users/robertlin/Projects/durian/googletest/CMakeLists.txt">
			<Option virtualFolder="CMake Files\googletest\"/>
		</Unit>
		<Unit filename="/Users/robertlin/Projects/durian/googletest/googlemock/CMakeLists.txt">
			<Option virtualFolder="CMake Files\googletest\googlemock\"/>
		</Unit>
		<Unit filename="/Users/robertlin/Projects/durian/googletest/googlemock/cmake/gmock.pc.in">
			<Option virtualFolder="CMake Files\googletest\googlemock\cmake\"/>
		</Unit>
		<Unit filename="/Users/robertlin/Projects/durian/googletest/googlemock/cmake/gmock_main.pc.in">
			<Option virtualFolder="CMake Files\googletest\googlemock\cmake\"/>
		</Unit>
		<Unit filename="/Users/robertlin/Projects/durian/googletest/googletest/CMakeLists.txt">
			<Option virtualFolder="CMake Files\googletest\googletest\"/>
		</Unit>
		<Unit filename="/Users/robertlin/Projects/durian/googletest/googletest/cmake/gtest.pc.in">
			<Option virtualFolder="CMake Files\googletest\googletest\cmake\"/>
		</Unit>
		<Unit filename="/Users/robertlin/Projects/durian/googletest/googletest/cmake/gtest_main.pc.in">
			<Option virtualFolder="CMake Files\googletest\googletest\cmake\"/>
		</Unit>
		<Unit filename="/Users/robertlin/Projects/durian/googletest/googletest/cmake/internal_utils.cmake">
			<Option virtualFolder="CMake Files\googletest\googletest\cmake\"/>
		</Unit>
	</Project>
</CodeBlocks_project_file>
